
Microsoft Visual Studio Solution File, Format Version 12.00
# Visual Studio Version 17
VisualStudioVersion = 17.9.34728.123
MinimumVisualStudioVersion = 10.0.40219.1
Project("{9A19103F-16F7-4668-BE54-9A1E7A4F7556}") = "Patisserie", "Patisserie\Patisserie.csproj", "{B201337A-8BDA-4FF6-B8B0-F4D0432FB39A}"
EndProject
Global
	GlobalSection(SolutionConfigurationPlatforms) = preSolution
		Debug|Any CPU = Debug|Any CPU
		Release|Any CPU = Release|Any CPU
	EndGlobalSection
	GlobalSection(ProjectConfigurationPlatforms) = postSolution
		{B201337A-8BDA-4FF6-B8B0-F4D0432FB39A}.Debug|Any CPU.ActiveCfg = Debug|Any CPU
		{B201337A-8BDA-4FF6-B8B0-F4D0432FB39A}.Debug|Any CPU.Build.0 = Debug|Any CPU
		{B201337A-8BDA-4FF6-B8B0-F4D0432FB39A}.Release|Any CPU.ActiveCfg = Release|Any CPU
		{B201337A-8BDA-4FF6-B8B0-F4D0432FB39A}.Release|Any CPU.Build.0 = Release|Any CPU
	EndGlobalSection
	GlobalSection(SolutionProperties) = preSolution
		HideSolutionNode = FALSE
	EndGlobalSection
	GlobalSection(ExtensibilityGlobals) = postSolution
		SolutionGuid = {FF00F678-14DD-4E2F-9939-E768B4864BCC}
	EndGlobalSection
EndGlobal
